
Microsoft Visual Studio Solution File, Format Version 12.00
# Visual Studio Version 16
VisualStudioVersion = 16.0.31702.278
MinimumVisualStudioVersion = 10.0.40219.1
Project("{FAE04EC0-301F-11D3-BF4B-00C04F79EFBC}") = "homework", "homework\homework.csproj", "{666D91DF-C561-4E73-AB45-C71BDE3B44EF}"
EndProject
Global
	GlobalSection(SolutionConfigurationPlatforms) = preSolution
		Debug|Any CPU = Debug|Any CPU
		Release|Any CPU = Release|Any CPU
	EndGlobalSection
	GlobalSection(ProjectConfigurationPlatforms) = postSolution
		{666D91DF-C561-4E73-AB45-C71BDE3B44EF}.Debug|Any CPU.ActiveCfg = Debug|Any CPU
		{666D91DF-C561-4E73-AB45-C71BDE3B44EF}.Debug|Any CPU.Build.0 = Debug|Any CPU
		{666D91DF-C561-4E73-AB45-C71BDE3B44EF}.Release|Any CPU.ActiveCfg = Release|Any CPU
		{666D91DF-C561-4E73-AB45-C71BDE3B44EF}.Release|Any CPU.Build.0 = Release|Any CPU
	EndGlobalSection
	GlobalSection(SolutionProperties) = preSolution
		HideSolutionNode = FALSE
	EndGlobalSection
	GlobalSection(ExtensibilityGlobals) = postSolution
		SolutionGuid = {13D369EF-D07B-43C6-A134-5E7FAF8625E3}
	EndGlobalSection
EndGlobal
